
Microsoft Visual Studio Solution File, Format Version 12.00
# Visual Studio Version 17
VisualStudioVersion = 17.11.35327.3
MinimumVisualStudioVersion = 10.0.40219.1
Project("{FAE04EC0-301F-11D3-BF4B-00C04F79EFBC}") = "RetoWeb", "RetoWeb.csproj", "{C493B90A-BAEE-4172-A70A-33E9DFBA2931}"
EndProject
Global
	GlobalSection(SolutionConfigurationPlatforms) = preSolution
		Debug|Any CPU = Debug|Any CPU
		Release|Any CPU = Release|Any CPU
	EndGlobalSection
	GlobalSection(ProjectConfigurationPlatforms) = postSolution
		{C493B90A-BAEE-4172-A70A-33E9DFBA2931}.Debug|Any CPU.ActiveCfg = Debug|Any CPU
		{C493B90A-BAEE-4172-A70A-33E9DFBA2931}.Debug|Any CPU.Build.0 = Debug|Any CPU
		{C493B90A-BAEE-4172-A70A-33E9DFBA2931}.Release|Any CPU.ActiveCfg = Release|Any CPU
		{C493B90A-BAEE-4172-A70A-33E9DFBA2931}.Release|Any CPU.Build.0 = Release|Any CPU
	EndGlobalSection
	GlobalSection(SolutionProperties) = preSolution
		HideSolutionNode = FALSE
	EndGlobalSection
	GlobalSection(ExtensibilityGlobals) = postSolution
		SolutionGuid = {9B553601-589B-482B-BD3D-B2000DFF83E4}
	EndGlobalSection
EndGlobal
